{
  "pins" : [
    {
      "identity" : "livelike-ios-sdk",
      "kind" : "remoteSourceControl",
      "location" : "git@bitbucket.org:livelike/livelike-ios-sdk.git",
      "state" : {
        "branch" : "master",
        "revision" : "a0d4565d01ddcbe523474a4cb0753fd0f4592332"
      }
    },
    {
      "identity" : "lottie-ios",
      "kind" : "remoteSourceControl",
      "location" : "https://github.com/airbnb/lottie-ios.git",
      "state" : {
        "revision" : "79a0b70547f7c40ea54c67487f935fa2f2eaaadc",
        "version" : "3.2.3"
      }
    },
    {
      "identity" : "swift",
      "kind" : "remoteSourceControl",
      "location" : "https://github.com/pubnub/swift.git",
      "state" : {
        "revision" : "f28fe7b1ac6409af5a45876c2d0b9efb3d3951c2",
        "version" : "6.0.3"
      }
    }
  ],
  "version" : 2
}
